
Microsoft Visual Studio Solution File, Format Version 12.00
# Visual Studio Version 16
VisualStudioVersion = 16.0.29326.143
MinimumVisualStudioVersion = 10.0.40219.1
Project("{FAE04EC0-301F-11D3-BF4B-00C04F79EFBC}") = "CustomerList.WPF", "CustomerList.WPF\CustomerList.WPF.csproj", "{B77F4792-F9D0-4184-9F19-26FA539B385D}"
EndProject
Project("{FAE04EC0-301F-11D3-BF4B-00C04F79EFBC}") = "CustomerList.Model", "CustomerList.Model\CustomerList.Model.csproj", "{763AB580-3886-4B1B-940A-0BFE3788F4F8}"
EndProject
Project("{FAE04EC0-301F-11D3-BF4B-00C04F79EFBC}") = "CustomerList.Repository", "CustomerList.Repository\CustomerList.Repository.csproj", "{E0702696-9A3E-4474-9449-DC206869059D}"
EndProject
Project("{54435603-DBB4-11D2-8724-00A0C9A8B90C}") = "CustomerList.Setup", "CustomerList.Setup\CustomerList.Setup.vdproj", "{5F702094-1BC0-487E-9DF5-E8F9D9B442B2}"
EndProject
Global
	GlobalSection(SolutionConfigurationPlatforms) = preSolution
		Debug|Any CPU = Debug|Any CPU
		Release|Any CPU = Release|Any CPU
	EndGlobalSection
	GlobalSection(ProjectConfigurationPlatforms) = postSolution
		{B77F4792-F9D0-4184-9F19-26FA539B385D}.Debug|Any CPU.ActiveCfg = Debug|Any CPU
		{B77F4792-F9D0-4184-9F19-26FA539B385D}.Debug|Any CPU.Build.0 = Debug|Any CPU
		{B77F4792-F9D0-4184-9F19-26FA539B385D}.Release|Any CPU.ActiveCfg = Release|Any CPU
		{B77F4792-F9D0-4184-9F19-26FA539B385D}.Release|Any CPU.Build.0 = Release|Any CPU
		{763AB580-3886-4B1B-940A-0BFE3788F4F8}.Debug|Any CPU.ActiveCfg = Debug|Any CPU
		{763AB580-3886-4B1B-940A-0BFE3788F4F8}.Debug|Any CPU.Build.0 = Debug|Any CPU
		{763AB580-3886-4B1B-940A-0BFE3788F4F8}.Release|Any CPU.ActiveCfg = Release|Any CPU
		{763AB580-3886-4B1B-940A-0BFE3788F4F8}.Release|Any CPU.Build.0 = Release|Any CPU
		{E0702696-9A3E-4474-9449-DC206869059D}.Debug|Any CPU.ActiveCfg = Debug|Any CPU
		{E0702696-9A3E-4474-9449-DC206869059D}.Debug|Any CPU.Build.0 = Debug|Any CPU
		{E0702696-9A3E-4474-9449-DC206869059D}.Release|Any CPU.ActiveCfg = Release|Any CPU
		{E0702696-9A3E-4474-9449-DC206869059D}.Release|Any CPU.Build.0 = Release|Any CPU
		{5F702094-1BC0-487E-9DF5-E8F9D9B442B2}.Debug|Any CPU.ActiveCfg = Debug
		{5F702094-1BC0-487E-9DF5-E8F9D9B442B2}.Release|Any CPU.ActiveCfg = Release
	EndGlobalSection
	GlobalSection(SolutionProperties) = preSolution
		HideSolutionNode = FALSE
	EndGlobalSection
	GlobalSection(ExtensibilityGlobals) = postSolution
		SolutionGuid = {A0572A2E-7D55-4ED7-B808-7479B09A9B74}
	EndGlobalSection
EndGlobal
